
Microsoft Visual Studio Solution File, Format Version 12.00
# Visual Studio 15
VisualStudioVersion = 15.0.35319.79
MinimumVisualStudioVersion = 10.0.40219.1
Project("{FAE04EC0-301F-11D3-BF4B-00C04F79EFBC}") = "FlappyBird", "FlappyBird\FlappyBird.csproj", "{5F71CB59-367A-4D04-9F01-926F2543DE04}"
EndProject
Global
	GlobalSection(SolutionConfigurationPlatforms) = preSolution
		Debug|Any CPU = Debug|Any CPU
		Release|Any CPU = Release|Any CPU
	EndGlobalSection
	GlobalSection(ProjectConfigurationPlatforms) = postSolution
		{5F71CB59-367A-4D04-9F01-926F2543DE04}.Debug|Any CPU.ActiveCfg = Debug|Any CPU
		{5F71CB59-367A-4D04-9F01-926F2543DE04}.Debug|Any CPU.Build.0 = Debug|Any CPU
		{5F71CB59-367A-4D04-9F01-926F2543DE04}.Release|Any CPU.ActiveCfg = Release|Any CPU
		{5F71CB59-367A-4D04-9F01-926F2543DE04}.Release|Any CPU.Build.0 = Release|Any CPU
	EndGlobalSection
	GlobalSection(SolutionProperties) = preSolution
		HideSolutionNode = FALSE
	EndGlobalSection
	GlobalSection(ExtensibilityGlobals) = postSolution
		SolutionGuid = {29EEA0FB-803A-46A8-90EC-F2E04CA2D6EA}
	EndGlobalSection
EndGlobal
